<?xml version="1.0" encoding="utf-8"?>
<Project ToolsVersion="4.0" xmlns="http://schemas.microsoft.com/developer/msbuild/2003">
  <ItemGroup>
    <Filter Include="Core">
      <UniqueIdentifier>{4FC737F1-C7A5-4376-A066-2A32D752A2FF}</UniqueIdentifier>
      <Extensions>cpp;c;cc;cxx;c++;cppm;ixx;def;odl;idl;hpj;bat;asm;asmx</Extensions>
    </Filter>
    <Filter Include="Components">
      <UniqueIdentifier>{1a7ac779-9937-4185-9b89-b9c62ba24e81}</UniqueIdentifier>
    </Filter>
  </ItemGroup>
  <ItemGroup>
    <ClCompile Include="scr\Core\Editor.cpp">
      <Filter>Core</Filter>
    </ClCompile>
    <ClCompile Include="scr\Core\EditorContext.cpp">
      <Filter>Core</Filter>
    </ClCompile>
    <ClCompile Include="scr\Components\BasicCamera.cpp">
      <Filter>Core</Filter>
    </ClCompile>
    <ClCompile Include="scr\EditorApp.cpp">
      <Filter>Components</Filter>
    </ClCompile>
    <ClCompile Include="scr\Components\TestFeatures.cpp">
      <Filter>Components</Filter>
    </ClCompile>
  </ItemGroup>
  <ItemGroup>
    <ClInclude Include="include\Editor\Core\Editor.h">
      <Filter>Core</Filter>
    </ClInclude>
    <ClInclude Include="include\Editor\Core\EditorContext.h">
      <Filter>Core</Filter>
    </ClInclude>
    <ClInclude Include="include\Editor\Components\BasicCamera.h">
      <Filter>Components</Filter>
    </ClInclude>
    <ClInclude Include="include\Editor\Components\TestFeatures.h">
      <Filter>Components</Filter>
    </ClInclude>
  </ItemGroup>
</Project>