
Microsoft Visual Studio Solution File, Format Version 12.00
# Visual Studio Version 16
VisualStudioVersion = 16.0.31624.102
MinimumVisualStudioVersion = 10.0.40219.1
Project("{8BC9CEB8-8B4A-11D0-8D11-00A0C91BC942}") = "Editor", "Editor\Editor.vcxproj", "{FCE816F4-731E-48BE-93B5-00B8FE1C90F6}"
EndProject
Project("{8BC9CEB8-8B4A-11D0-8D11-00A0C91BC942}") = "Engine", "Engine\Engine.vcxproj", "{4DAFC13E-5AD2-4BBC-A0A4-55706BCECC7F}"
EndProject
Project("{2150E333-8FDC-42A3-9474-1A3956D46DE8}") = "UnitTests", "UnitTests", "{81B867D2-3000-4610-A09F-1C095E240293}"
EndProject
Project("{8BC9CEB8-8B4A-11D0-8D11-00A0C91BC942}") = "gtest", "..\Dependencies\googletest\build\googletest\gtest.vcxproj", "{8757198E-1470-3051-ABE1-492D1FE65ABD}"
EndProject
Project("{8BC9CEB8-8B4A-11D0-8D11-00A0C91BC942}") = "gmock", "..\Dependencies\googletest\build\googlemock\gmock.vcxproj", "{73DFCB56-85C9-3770-8344-4C7A069F8E54}"
EndProject
Project("{8BC9CEB8-8B4A-11D0-8D11-00A0C91BC942}") = "gtest_main", "..\Dependencies\googletest\build\googletest\gtest_main.vcxproj", "{0928E47C-FF65-39B3-98CD-5B5C0D37CEFD}"
EndProject
Project("{8BC9CEB8-8B4A-11D0-8D11-00A0C91BC942}") = "CoreUnitTest", "UnitTests\CoreUnitTest\CoreUnitTest.vcxproj", "{01AA3A3B-E66F-492C-B60E-0877971C4CB6}"
EndProject
Project("{2150E333-8FDC-42A3-9474-1A3956D46DE8}") = "Dependencies", "Dependencies", "{70F9CA2C-4CA2-4D72-AB35-448BD425208D}"
EndProject
Project("{8BC9CEB8-8B4A-11D0-8D11-00A0C91BC942}") = "CommonUnitTest", "UnitTests\CommonUnitTest\CommonUnitTest.vcxproj", "{F16CD40D-AB6A-4ECB-BDE1-C0FEB7D9B0F4}"
EndProject
Project("{8BC9CEB8-8B4A-11D0-8D11-00A0C91BC942}") = "OpenFBX", "..\Dependencies\OpenFBX\build\OpenFBX.vcxproj", "{D1D1621E-FBA1-3EF9-996E-12D6B4C0B990}"
EndProject
Global
	GlobalSection(SolutionConfigurationPlatforms) = preSolution
		Debug|x64 = Debug|x64
		Release|x64 = Release|x64
	EndGlobalSection
	GlobalSection(ProjectConfigurationPlatforms) = postSolution
		{FCE816F4-731E-48BE-93B5-00B8FE1C90F6}.Debug|x64.ActiveCfg = Debug|x64
		{FCE816F4-731E-48BE-93B5-00B8FE1C90F6}.Debug|x64.Build.0 = Debug|x64
		{FCE816F4-731E-48BE-93B5-00B8FE1C90F6}.Release|x64.ActiveCfg = Release|x64
		{FCE816F4-731E-48BE-93B5-00B8FE1C90F6}.Release|x64.Build.0 = Release|x64
		{4DAFC13E-5AD2-4BBC-A0A4-55706BCECC7F}.Debug|x64.ActiveCfg = Debug|x64
		{4DAFC13E-5AD2-4BBC-A0A4-55706BCECC7F}.Debug|x64.Build.0 = Debug|x64
		{4DAFC13E-5AD2-4BBC-A0A4-55706BCECC7F}.Release|x64.ActiveCfg = Release|x64
		{4DAFC13E-5AD2-4BBC-A0A4-55706BCECC7F}.Release|x64.Build.0 = Release|x64
		{8757198E-1470-3051-ABE1-492D1FE65ABD}.Debug|x64.ActiveCfg = Debug|x64
		{8757198E-1470-3051-ABE1-492D1FE65ABD}.Debug|x64.Build.0 = Debug|x64
		{8757198E-1470-3051-ABE1-492D1FE65ABD}.Release|x64.ActiveCfg = Release|x64
		{8757198E-1470-3051-ABE1-492D1FE65ABD}.Release|x64.Build.0 = Release|x64
		{73DFCB56-85C9-3770-8344-4C7A069F8E54}.Debug|x64.ActiveCfg = Debug|x64
		{73DFCB56-85C9-3770-8344-4C7A069F8E54}.Debug|x64.Build.0 = Debug|x64
		{73DFCB56-85C9-3770-8344-4C7A069F8E54}.Release|x64.ActiveCfg = Release|x64
		{73DFCB56-85C9-3770-8344-4C7A069F8E54}.Release|x64.Build.0 = Release|x64
		{0928E47C-FF65-39B3-98CD-5B5C0D37CEFD}.Debug|x64.ActiveCfg = Debug|x64
		{0928E47C-FF65-39B3-98CD-5B5C0D37CEFD}.Debug|x64.Build.0 = Debug|x64
		{0928E47C-FF65-39B3-98CD-5B5C0D37CEFD}.Release|x64.ActiveCfg = Release|x64
		{0928E47C-FF65-39B3-98CD-5B5C0D37CEFD}.Release|x64.Build.0 = Release|x64
		{01AA3A3B-E66F-492C-B60E-0877971C4CB6}.Debug|x64.ActiveCfg = Debug|x64
		{01AA3A3B-E66F-492C-B60E-0877971C4CB6}.Debug|x64.Build.0 = Debug|x64
		{01AA3A3B-E66F-492C-B60E-0877971C4CB6}.Release|x64.ActiveCfg = Release|x64
		{01AA3A3B-E66F-492C-B60E-0877971C4CB6}.Release|x64.Build.0 = Release|x64
		{F16CD40D-AB6A-4ECB-BDE1-C0FEB7D9B0F4}.Debug|x64.ActiveCfg = Debug|x64
		{F16CD40D-AB6A-4ECB-BDE1-C0FEB7D9B0F4}.Debug|x64.Build.0 = Debug|x64
		{F16CD40D-AB6A-4ECB-BDE1-C0FEB7D9B0F4}.Release|x64.ActiveCfg = Release|x64
		{F16CD40D-AB6A-4ECB-BDE1-C0FEB7D9B0F4}.Release|x64.Build.0 = Release|x64
		{D1D1621E-FBA1-3EF9-996E-12D6B4C0B990}.Debug|x64.ActiveCfg = Debug|x64
		{D1D1621E-FBA1-3EF9-996E-12D6B4C0B990}.Debug|x64.Build.0 = Debug|x64
		{D1D1621E-FBA1-3EF9-996E-12D6B4C0B990}.Release|x64.ActiveCfg = Release|x64
		{D1D1621E-FBA1-3EF9-996E-12D6B4C0B990}.Release|x64.Build.0 = Release|x64
	EndGlobalSection
	GlobalSection(SolutionProperties) = preSolution
		HideSolutionNode = FALSE
	EndGlobalSection
	GlobalSection(NestedProjects) = preSolution
		{8757198E-1470-3051-ABE1-492D1FE65ABD} = {70F9CA2C-4CA2-4D72-AB35-448BD425208D}
		{73DFCB56-85C9-3770-8344-4C7A069F8E54} = {70F9CA2C-4CA2-4D72-AB35-448BD425208D}
		{0928E47C-FF65-39B3-98CD-5B5C0D37CEFD} = {70F9CA2C-4CA2-4D72-AB35-448BD425208D}
		{01AA3A3B-E66F-492C-B60E-0877971C4CB6} = {81B867D2-3000-4610-A09F-1C095E240293}
		{F16CD40D-AB6A-4ECB-BDE1-C0FEB7D9B0F4} = {81B867D2-3000-4610-A09F-1C095E240293}
		{D1D1621E-FBA1-3EF9-996E-12D6B4C0B990} = {70F9CA2C-4CA2-4D72-AB35-448BD425208D}
	EndGlobalSection
	GlobalSection(ExtensibilityGlobals) = postSolution
		SolutionGuid = {DCF50A40-341B-484E-85AA-46BCF60D8D9F}
	EndGlobalSection
EndGlobal
