<?xml version="1.0" encoding="utf-8"?>
<Project ToolsVersion="4.0" xmlns="http://schemas.microsoft.com/developer/msbuild/2003">
  <ItemGroup>
    <Filter Include="Core">
      <UniqueIdentifier>{4f01b89d-d7f5-4803-a08e-f25e4fbcad88}</UniqueIdentifier>
    </Filter>
    <Filter Include="Core\Common">
      <UniqueIdentifier>{29a3879c-3eea-4993-82dc-1ffdc7ad4b02}</UniqueIdentifier>
    </Filter>
    <Filter Include="Core\Entry">
      <UniqueIdentifier>{c85352fa-5766-48a5-ae38-6931688772ea}</UniqueIdentifier>
    </Filter>
    <Filter Include="Core\Events">
      <UniqueIdentifier>{6e14f417-2935-44cc-8ae3-1c65a5668077}</UniqueIdentifier>
    </Filter>
    <Filter Include="Core\Filesystem">
      <UniqueIdentifier>{bc90fd0b-a3a3-425a-92ba-faaa2886d93f}</UniqueIdentifier>
    </Filter>
    <Filter Include="Core\Input">
      <UniqueIdentifier>{6a97908e-ed8a-4117-83ce-08f3976b684b}</UniqueIdentifier>
    </Filter>
    <Filter Include="Core\Math">
      <UniqueIdentifier>{f1ff6dae-ab70-4c0a-9afc-783017fc58a7}</UniqueIdentifier>
    </Filter>
    <Filter Include="Core\Resources">
      <UniqueIdentifier>{49449acd-d5c6-49ad-ba70-1316e32e6d84}</UniqueIdentifier>
    </Filter>
    <Filter Include="Core\Utils">
      <UniqueIdentifier>{a5b18668-61dc-4abc-8a6e-25f8e67888bf}</UniqueIdentifier>
    </Filter>
    <Filter Include="Core\Windowing">
      <UniqueIdentifier>{0f56568e-1f21-4f9a-b589-2f2d49cb5908}</UniqueIdentifier>
    </Filter>
    <Filter Include="Renderer">
      <UniqueIdentifier>{6416e477-50e2-4844-8277-e925a5e21df4}</UniqueIdentifier>
    </Filter>
    <Filter Include="Renderer\OpenGL">
      <UniqueIdentifier>{ddd0f239-dad4-447e-bfb1-f5511fc36cc7}</UniqueIdentifier>
    </Filter>
    <Filter Include="Renderer\Core">
      <UniqueIdentifier>{fe754d9e-dfdb-4dd6-9985-aed79f9449e2}</UniqueIdentifier>
    </Filter>
    <Filter Include="Renderer\Buffers">
      <UniqueIdentifier>{0b2b77d0-9ab6-4ba8-a654-e4c4b24d854f}</UniqueIdentifier>
    </Filter>
    <Filter Include="Renderer\Resources">
      <UniqueIdentifier>{90d14c87-0d9c-46f4-acd4-3d695bed182b}</UniqueIdentifier>
    </Filter>
  </ItemGroup>
  <ItemGroup>
    <ClInclude Include="include\Engine\Core\Entry\AppContext.h">
      <Filter>Core\Entry</Filter>
    </ClInclude>
    <ClInclude Include="include\Engine\Core\Entry\Application.h">
      <Filter>Core\Entry</Filter>
    </ClInclude>
    <ClInclude Include="include\Engine\Core\Entry\EntryPoint.h">
      <Filter>Core\Entry</Filter>
    </ClInclude>
    <ClInclude Include="include\Engine\Core\Utils\Logger.h">
      <Filter>Core\Utils</Filter>
    </ClInclude>
    <ClInclude Include="include\Engine\Core\Events\Event.h">
      <Filter>Core\Events</Filter>
    </ClInclude>
    <ClInclude Include="include\Engine\Core\Events\EventManager.h">
      <Filter>Core\Events</Filter>
    </ClInclude>
    <ClInclude Include="include\Engine\Core\Common\pearl_pch.h">
      <Filter>Core\Common</Filter>
    </ClInclude>
    <ClInclude Include="include\Engine\Core\Windowing\Window.h">
      <Filter>Core\Windowing</Filter>
    </ClInclude>
    <ClInclude Include="include\Engine\Core\Windowing\WindowContext.h">
      <Filter>Core\Windowing</Filter>
    </ClInclude>
    <ClInclude Include="include\Engine\Core\Windowing\WindowSettings.h">
      <Filter>Core\Windowing</Filter>
    </ClInclude>
    <ClInclude Include="include\Engine\Core\Input\PrKey.h">
      <Filter>Core\Input</Filter>
    </ClInclude>
    <ClInclude Include="include\Engine\Core\Input\PrKeyState.h">
      <Filter>Core\Input</Filter>
    </ClInclude>
    <ClInclude Include="include\Engine\Core\Input\PrMouseButton.h">
      <Filter>Core\Input</Filter>
    </ClInclude>
    <ClInclude Include="include\Engine\Core\Windowing\GLWindow.h">
      <Filter>Core\Windowing</Filter>
    </ClInclude>
    <ClInclude Include="include\Engine\Core\Events\InputEvents.h">
      <Filter>Core\Events</Filter>
    </ClInclude>
    <ClInclude Include="include\Engine\Core\Events\WindowEvents.h">
      <Filter>Core\Events</Filter>
    </ClInclude>
    <ClInclude Include="include\Engine\Core\Input\InputManager.h">
      <Filter>Core\Input</Filter>
    </ClInclude>
    <ClInclude Include="include\Engine\Core\Utils\Clock.h">
      <Filter>Core\Utils</Filter>
    </ClInclude>
    <ClInclude Include="include\Engine\Core\Filesystem\StandardFileStream.h">
      <Filter>Core\Filesystem</Filter>
    </ClInclude>
    <ClInclude Include="include\Engine\Core\Filesystem\ConfigFile.h">
      <Filter>Core\Filesystem</Filter>
    </ClInclude>
    <ClInclude Include="include\Engine\Core\Filesystem\DataStream.h">
      <Filter>Core\Filesystem</Filter>
    </ClInclude>
    <ClInclude Include="include\Engine\Core\Filesystem\FileStream.h">
      <Filter>Core\Filesystem</Filter>
    </ClInclude>
    <ClInclude Include="include\Engine\Core\Filesystem\FileSystem.h">
      <Filter>Core\Filesystem</Filter>
    </ClInclude>
    <ClInclude Include="include\Engine\Core\Filesystem\MemoryStream.h">
      <Filter>Core\Filesystem</Filter>
    </ClInclude>
    <ClInclude Include="include\Engine\Core\Resources\Resource.h">
      <Filter>Core\Resources</Filter>
    </ClInclude>
    <ClInclude Include="include\Engine\Core\Events\ResourceEvents.h">
      <Filter>Core\Resources</Filter>
    </ClInclude>
    <ClInclude Include="include\Engine\Core\Resources\ResourceManager.h">
      <Filter>Core\Resources</Filter>
    </ClInclude>
    <ClInclude Include="include\Engine\Core\Math\Math.h">
      <Filter>Core\Math</Filter>
    </ClInclude>
    <ClInclude Include="include\Engine\Renderer\OpenGL\GLContext.h">
      <Filter>Renderer\OpenGL</Filter>
    </ClInclude>
    <ClInclude Include="include\Engine\Renderer\OpenGL\GLIndexBuffer.h">
      <Filter>Renderer\OpenGL</Filter>
    </ClInclude>
    <ClInclude Include="include\Engine\Renderer\OpenGL\GLVertexArray.h">
      <Filter>Renderer\OpenGL</Filter>
    </ClInclude>
    <ClInclude Include="include\Engine\Renderer\OpenGL\GLVertexBuffer.h">
      <Filter>Renderer\OpenGL</Filter>
    </ClInclude>
    <ClInclude Include="include\Engine\Renderer\Core\Context.h">
      <Filter>Renderer\Core</Filter>
    </ClInclude>
    <ClInclude Include="include\Engine\Renderer\Core\ContextSettings.h">
      <Filter>Renderer\Core</Filter>
    </ClInclude>
    <ClInclude Include="include\Engine\Renderer\Core\Defines.h">
      <Filter>Renderer\Core</Filter>
    </ClInclude>
    <ClInclude Include="include\Engine\Renderer\Core\Renderer.h">
      <Filter>Renderer\Core</Filter>
    </ClInclude>
    <ClInclude Include="include\Engine\Renderer\Buffers\BufferLayout.h">
      <Filter>Renderer\Buffers</Filter>
    </ClInclude>
    <ClInclude Include="include\Engine\Renderer\Buffers\IndexBuffer.h">
      <Filter>Renderer\Buffers</Filter>
    </ClInclude>
    <ClInclude Include="include\Engine\Renderer\Buffers\VertexArray.h">
      <Filter>Renderer\Buffers</Filter>
    </ClInclude>
    <ClInclude Include="include\Engine\Renderer\Buffers\VertexBuffer.h">
      <Filter>Renderer\Buffers</Filter>
    </ClInclude>
    <ClInclude Include="include\Engine\Renderer\OpenGL\GLShader.h">
      <Filter>Renderer\OpenGL</Filter>
    </ClInclude>
    <ClInclude Include="include\Engine\Renderer\Resources\Shader.h">
      <Filter>Renderer\Resources</Filter>
    </ClInclude>
    <ClInclude Include="include\Engine\Renderer\Resources\Uniform.h">
      <Filter>Renderer\Resources</Filter>
    </ClInclude>
    <ClInclude Include="include\Engine\Renderer\Resources\ShaderManager.h">
      <Filter>Renderer\Resources</Filter>
    </ClInclude>
    <ClInclude Include="include\Engine\Renderer\Core\Color.h">
      <Filter>Renderer\Core</Filter>
    </ClInclude>
    <ClInclude Include="include\Engine\Renderer\Resources\Texture.h">
      <Filter>Renderer\Resources</Filter>
    </ClInclude>
    <ClInclude Include="include\Engine\Renderer\Resources\Texture2D.h">
      <Filter>Renderer\Resources</Filter>
    </ClInclude>
    <ClInclude Include="include\Engine\Renderer\OpenGL\GLTexture2D.h">
      <Filter>Renderer\OpenGL</Filter>
    </ClInclude>
    <ClInclude Include="include\Engine\Renderer\Resources\TextureManager.h">
      <Filter>Renderer\Resources</Filter>
    </ClInclude>
    <ClInclude Include="include\Engine\Renderer\Core\Camera.h">
      <Filter>Renderer\Core</Filter>
    </ClInclude>
    <ClInclude Include="include\Engine\Renderer\Resources\Material.h">
      <Filter>Renderer\Resources</Filter>
    </ClInclude>
    <ClInclude Include="include\Engine\Renderer\Resources\MaterialManager.h">
      <Filter>Renderer\Resources</Filter>
    </ClInclude>
    <ClInclude Include="include\Engine\Core\Utils\JSONParser.h">
      <Filter>Core\Utils</Filter>
    </ClInclude>
    <ClInclude Include="include\Engine\Core\Utils\StringUtils.h">
      <Filter>Core\Utils</Filter>
    </ClInclude>
    <ClInclude Include="include\Engine\Renderer\Resources\Mesh.h">
      <Filter>Renderer\Resources</Filter>
    </ClInclude>
    <ClInclude Include="include\Engine\Renderer\OpenGL\GLMesh.h">
      <Filter>Renderer\OpenGL</Filter>
    </ClInclude>
  </ItemGroup>
  <ItemGroup>
    <ClCompile Include="src\Core\Entry\AppContext.cpp">
      <Filter>Core\Entry</Filter>
    </ClCompile>
    <ClCompile Include="src\Core\Entry\Application.cpp">
      <Filter>Core\Entry</Filter>
    </ClCompile>
    <ClCompile Include="src\Core\Utils\Logger.cpp">
      <Filter>Core\Utils</Filter>
    </ClCompile>
    <ClCompile Include="src\Core\Events\EventManager.cpp">
      <Filter>Core\Events</Filter>
    </ClCompile>
    <ClCompile Include="src\Core\Common\pearl_pch.cpp">
      <Filter>Core\Common</Filter>
    </ClCompile>
    <ClCompile Include="src\Core\Windowing\GLWindow.cpp">
      <Filter>Core\Windowing</Filter>
    </ClCompile>
    <ClCompile Include="src\Core\Input\InputManager.cpp">
      <Filter>Core\Input</Filter>
    </ClCompile>
    <ClCompile Include="src\Core\Utils\Clock.cpp">
      <Filter>Core\Utils</Filter>
    </ClCompile>
    <ClCompile Include="src\Core\Filesystem\ConfigFile.cpp">
      <Filter>Core\Filesystem</Filter>
    </ClCompile>
    <ClCompile Include="src\Core\Filesystem\FileStream.cpp">
      <Filter>Core\Filesystem</Filter>
    </ClCompile>
    <ClCompile Include="src\Core\Filesystem\Filesystem.cpp">
      <Filter>Core\Filesystem</Filter>
    </ClCompile>
    <ClCompile Include="src\Core\Filesystem\MemoryStream.cpp">
      <Filter>Core\Filesystem</Filter>
    </ClCompile>
    <ClCompile Include="src\Core\Filesystem\StandardFileStream.cpp">
      <Filter>Core\Filesystem</Filter>
    </ClCompile>
    <ClCompile Include="src\Core\Resources\Resource.cpp">
      <Filter>Core\Resources</Filter>
    </ClCompile>
    <ClCompile Include="src\Core\Resources\ResourceManager.cpp">
      <Filter>Core\Resources</Filter>
    </ClCompile>
    <ClCompile Include="src\Renderer\OpenGL\GLContext.cpp">
      <Filter>Renderer\OpenGL</Filter>
    </ClCompile>
    <ClCompile Include="src\Renderer\OpenGL\GLIndexBuffer.cpp">
      <Filter>Renderer\OpenGL</Filter>
    </ClCompile>
    <ClCompile Include="src\Renderer\OpenGL\GLVertexArray.cpp">
      <Filter>Renderer\OpenGL</Filter>
    </ClCompile>
    <ClCompile Include="src\Renderer\OpenGL\GLVertexBuffer.cpp">
      <Filter>Renderer\OpenGL</Filter>
    </ClCompile>
    <ClCompile Include="src\Renderer\OpenGL\Renderer.cpp">
      <Filter>Renderer\Core</Filter>
    </ClCompile>
    <ClCompile Include="src\Renderer\OpenGL\GLShader.cpp">
      <Filter>Renderer\OpenGL</Filter>
    </ClCompile>
    <ClCompile Include="src\Renderer\Resources\ShaderManager.cpp">
      <Filter>Renderer\Resources</Filter>
    </ClCompile>
    <ClCompile Include="src\Renderer\Core\Color.cpp">
      <Filter>Renderer\Core</Filter>
    </ClCompile>
    <ClCompile Include="src\Renderer\OpenGL\GLTexture2D.cpp">
      <Filter>Renderer\OpenGL</Filter>
    </ClCompile>
    <ClCompile Include="src\Renderer\Resources\TextureManager.cpp">
      <Filter>Renderer\Resources</Filter>
    </ClCompile>
    <ClCompile Include="src\Renderer\Core\Camera.cpp">
      <Filter>Renderer\Core</Filter>
    </ClCompile>
    <ClCompile Include="src\Renderer\Resources\Material.cpp">
      <Filter>Renderer\Resources</Filter>
    </ClCompile>
    <ClCompile Include="src\Renderer\Resources\MaterialManager.cpp">
      <Filter>Renderer\Resources</Filter>
    </ClCompile>
    <ClCompile Include="src\Core\Utils\JSONParser.cpp">
      <Filter>Core\Utils</Filter>
    </ClCompile>
    <ClCompile Include="src\Core\Utils\StringUtils.cpp">
      <Filter>Core\Utils</Filter>
    </ClCompile>
    <ClCompile Include="src\Renderer\Resources\Mesh.cpp">
      <Filter>Renderer\Resources</Filter>
    </ClCompile>
    <ClCompile Include="src\Renderer\OpenGL\GLMesh.cpp">
      <Filter>Renderer\OpenGL</Filter>
    </ClCompile>
  </ItemGroup>
</Project>