<?xml version="1.0" encoding="utf-8"?>
<Project ToolsVersion="4.0" xmlns="http://schemas.microsoft.com/developer/msbuild/2003">
  <ItemGroup>
    <Filter Include="Test">
      <UniqueIdentifier>{4FC737F1-C7A5-4376-A066-2A32D752A2FF}</UniqueIdentifier>
      <Extensions>cpp;c;cc;cxx;c++;cppm;ixx;def;odl;idl;hpj;bat;asm;asmx</Extensions>
    </Filter>
  </ItemGroup>
  <ItemGroup>
    <ClInclude Include="include\Game\ChessFramework.h">
      <Filter>Test</Filter>
    </ClInclude>
    <ClInclude Include="include\Game\TestFeatures.h">
      <Filter>Test</Filter>
    </ClInclude>
    <ClInclude Include="include\Game\SceneCreators\SceneCreator.h" />
    <ClInclude Include="src\Game\SceneCreators\CreatorSystem.h" />
    <ClInclude Include="include\Game\Systems\PieceSelector.h" />
    <ClInclude Include="include\Game\Systems\MainCamera.h" />
    <ClInclude Include="include\Game\ChessEngine\ChessLib.hpp" />
    <ClInclude Include="include\Game\ChessEngine\ChessSystem.h" />
    <ClInclude Include="include\Game\ChessEngine\BoardCoordinator.h" />
    <ClInclude Include="include\Game\ChessEngine\BoardRender.h" />
    <ClInclude Include="include\Game\Systems\OverlayComponent.h" />
  </ItemGroup>
  <ItemGroup>
    <ClCompile Include="src\Game\TestFeatures.cpp">
      <Filter>Test</Filter>
    </ClCompile>
    <ClCompile Include="src\Game\ChessFramework.cpp">
      <Filter>Test</Filter>
    </ClCompile>
    <ClCompile Include="src\Game\SceneCreators\SceneCreator.cpp">
      <Filter>Test</Filter>
    </ClCompile>
    <ClCompile Include="src\Game\ChessEngine\BoardCoordinator.cpp">
      <Filter>Test</Filter>
    </ClCompile>
    <ClCompile Include="src\Game\ChessEngine\BoardRender.cpp">
      <Filter>Test</Filter>
    </ClCompile>
  </ItemGroup>
</Project>