<?xml version="1.0" encoding="utf-8"?>
<Project ToolsVersion="4.0" xmlns="http://schemas.microsoft.com/developer/msbuild/2003">
  <ItemGroup>
    <Filter Include="Common">
      <UniqueIdentifier>{29a3879c-3eea-4993-82dc-1ffdc7ad4b02}</UniqueIdentifier>
    </Filter>
    <Filter Include="Entry">
      <UniqueIdentifier>{c85352fa-5766-48a5-ae38-6931688772ea}</UniqueIdentifier>
    </Filter>
    <Filter Include="Utils">
      <UniqueIdentifier>{a5b18668-61dc-4abc-8a6e-25f8e67888bf}</UniqueIdentifier>
    </Filter>
    <Filter Include="Events">
      <UniqueIdentifier>{6e14f417-2935-44cc-8ae3-1c65a5668077}</UniqueIdentifier>
    </Filter>
    <Filter Include="Windowing">
      <UniqueIdentifier>{0f56568e-1f21-4f9a-b589-2f2d49cb5908}</UniqueIdentifier>
    </Filter>
  </ItemGroup>
  <ItemGroup>
    <ClInclude Include="include\Core\Entry\AppContext.h">
      <Filter>Entry</Filter>
    </ClInclude>
    <ClInclude Include="include\Core\Entry\Application.h">
      <Filter>Entry</Filter>
    </ClInclude>
    <ClInclude Include="include\Core\Entry\EntryPoint.h">
      <Filter>Entry</Filter>
    </ClInclude>
    <ClInclude Include="include\Core\Utils\Logger.h">
      <Filter>Utils</Filter>
    </ClInclude>
    <ClInclude Include="include\Core\Events\Event.h">
      <Filter>Events</Filter>
    </ClInclude>
    <ClInclude Include="include\Core\Events\EventManager.h">
      <Filter>Events</Filter>
    </ClInclude>
    <ClInclude Include="include\Core\Events\TestEvent.h">
      <Filter>Events</Filter>
    </ClInclude>
    <ClInclude Include="include\Core\Common\pearl_pch.h">
      <Filter>Common</Filter>
    </ClInclude>
    <ClInclude Include="include\Core\Windowing\Window.h">
      <Filter>Windowing</Filter>
    </ClInclude>
    <ClInclude Include="include\Core\Windowing\WindowContext.h">
      <Filter>Windowing</Filter>
    </ClInclude>
    <ClInclude Include="include\Core\Windowing\WindowSettings.h">
      <Filter>Windowing</Filter>
    </ClInclude>
    <ClInclude Include="include\Core\Windowing\GLWindow.h" />
  </ItemGroup>
  <ItemGroup>
    <ClCompile Include="src\Entry\AppContext.cpp">
      <Filter>Entry</Filter>
    </ClCompile>
    <ClCompile Include="src\Entry\Application.cpp">
      <Filter>Entry</Filter>
    </ClCompile>
    <ClCompile Include="src\Utils\Logger.cpp">
      <Filter>Utils</Filter>
    </ClCompile>
    <ClCompile Include="src\Events\EventManager.cpp">
      <Filter>Events</Filter>
    </ClCompile>
    <ClCompile Include="src\Common\pearl_pch.cpp">
      <Filter>Common</Filter>
    </ClCompile>
    <ClCompile Include="src\Windowing\GLWindow.cpp" />
  </ItemGroup>
</Project>